
Microsoft Visual Studio Solution File, Format Version 12.00
# Visual Studio Version 16
VisualStudioVersion = 16.0.29306.81
MinimumVisualStudioVersion = 10.0.40219.1
Project("{FAE04EC0-301F-11D3-BF4B-00C04F79EFBC}") = "primos", "primos\primos.csproj", "{C70E4297-E170-439D-9A61-8F8D5CD00D66}"
EndProject
Global
	GlobalSection(SolutionConfigurationPlatforms) = preSolution
		Debug|Any CPU = Debug|Any CPU
		Release|Any CPU = Release|Any CPU
	EndGlobalSection
	GlobalSection(ProjectConfigurationPlatforms) = postSolution
		{C70E4297-E170-439D-9A61-8F8D5CD00D66}.Debug|Any CPU.ActiveCfg = Debug|Any CPU
		{C70E4297-E170-439D-9A61-8F8D5CD00D66}.Debug|Any CPU.Build.0 = Debug|Any CPU
		{C70E4297-E170-439D-9A61-8F8D5CD00D66}.Release|Any CPU.ActiveCfg = Release|Any CPU
		{C70E4297-E170-439D-9A61-8F8D5CD00D66}.Release|Any CPU.Build.0 = Release|Any CPU
	EndGlobalSection
	GlobalSection(SolutionProperties) = preSolution
		HideSolutionNode = FALSE
	EndGlobalSection
	GlobalSection(ExtensibilityGlobals) = postSolution
		SolutionGuid = {076B4682-8CF6-42CC-A2BC-F2981C4C5FB3}
	EndGlobalSection
EndGlobal
